{
  "name": "treeDemo",
  "lockfileVersion": 2,
  "requires": true,
  "packages": {
    "": {
      "dependencies": {
        "relatives-tree-cjs": "^3.0.1-rc.0"
      }
    },
    "node_modules/relatives-tree-cjs": {
      "version": "3.0.1-rc.0",
      "resolved": "https://registry.npmjs.org/relatives-tree-cjs/-/relatives-tree-cjs-3.0.1-rc.0.tgz",
      "integrity": "sha512-Hp7iWWNAbj1o8BIObFKWWfa5flKVf1JwIecmU1ElNHBnt6Q09gEsYQDQccyy0aNwfsDek1BD/8QNiEcWgj2wFA=="
    }
  },
  "dependencies": {
    "relatives-tree-cjs": {
      "version": "3.0.1-rc.0",
      "resolved": "https://registry.npmjs.org/relatives-tree-cjs/-/relatives-tree-cjs-3.0.1-rc.0.tgz",
      "integrity": "sha512-Hp7iWWNAbj1o8BIObFKWWfa5flKVf1JwIecmU1ElNHBnt6Q09gEsYQDQccyy0aNwfsDek1BD/8QNiEcWgj2wFA=="
    }
  }
}
